{
  "name": "study-buddy-worker",
  "version": "1.0.0",
  "lockfileVersion": 3,
  "requires": true,
  "packages": {
    "": {
      "name": "study-buddy-worker",
      "version": "1.0.0",
      "dependencies": {
        "hono": "^4.6.14",
        "jose": "^5.9.6",
        "study-buddy-monorepo": "file:..",
        "unpdf": "^1.8.1"
      },
      "devDependencies": {
        "@cloudflare/workers-types": "^4.20241230.0",
        "typescript": "^5.7.2"
      }
    },
    "..": {
      "name": "study-buddy-monorepo",
      "version": "2.0.0"
    },
    "node_modules/@cloudflare/workers-types": {
      "version": "4.20260702.1",
      "resolved": "https://registry.npmjs.org/@cloudflare/workers-types/-/workers-types-4.20260702.1.tgz",
      "integrity": "sha512-mOhf5TUEB1m2vPrxtqoIGfz0fUC9xyxRDx5gWHy5s+OCo6dcV+g7wI1R7gYCMFohhqF/2y2xeKVwMwCJjfn/WA==",
      "dev": true,
      "license": "MIT OR Apache-2.0"
    },
    "node_modules/hono": {
      "version": "4.13.8",
      "resolved": "https://registry.npmjs.org/hono/-/hono-4.13.8.tgz",
      "integrity": "sha512-/Gng7NfoykZl2pjukW5Z6+8Yxm3BPRf86GTbQnt0SbySkvax4fyL4H3HhY1cCpBGmiW9XDRFzRV+CXK2W8QudQ==",
      "license": "MIT",
      "engines": {
        "node": ">=16.9.0"
      }
    },
    "node_modules/jose": {
      "version": "5.10.0",
      "resolved": "https://registry.npmjs.org/jose/-/jose-5.10.0.tgz",
      "integrity": "sha512-s+3Al/p9g32Iq+oqXxkW//7jk2Vig6FF1CFqzVXoTUXt2qz89YWbL+OwS17NFYEvxC35n0FKeGO2LGYSxeM2Gg==",
      "license": "MIT",
      "funding": {
        "url": "https://github.com/sponsors/panva"
      }
    },
    "node_modules/study-buddy-monorepo": {
      "resolved": "..",
      "link": true
    },
    "node_modules/typescript": {
      "version": "5.9.3",
      "resolved": "https://registry.npmjs.org/typescript/-/typescript-5.9.3.tgz",
      "integrity": "sha512-jl1vZzPDinLr9eUt3J/t7V6FgNEw9QjvBPdysz9KfQDD41fQrC2Y4vKQdiaUpFT4bXlb1RHhLpp8wtm6M5TgSw==",
      "dev": true,
      "license": "Apache-2.0",
      "bin": {
        "tsc": "bin/tsc",
        "tsserver": "bin/tsserver"
      },
      "engines": {
        "node": ">=14.17"
      }
    },
    "node_modules/unpdf": {
      "version": "1.8.1",
      "resolved": "https://registry.npmjs.org/unpdf/-/unpdf-1.8.1.tgz",
      "integrity": "sha512-xkURhy2SoGpOIH0a1gLHNkASPIQYonadDJs2AQwPEfUakafeD9EA1WTWWsaR++gfTCXJpV27W7tU1nXuk82UKQ==",
      "license": "MIT",
      "engines": {
        "node": ">=22"
      },
      "peerDependencies": {
        "@napi-rs/canvas": "^0.1.69 || ^1.0.0"
      },
      "peerDependenciesMeta": {
        "@napi-rs/canvas": {
          "optional": true
        }
      }
    }
  }
}
